
Microsoft Visual Studio Solution File, Format Version 12.00
# Visual Studio Version 17
VisualStudioVersion = 17.8.34112.27
MinimumVisualStudioVersion = 10.0.40219.1
Project("{FAE04EC0-301F-11D3-BF4B-00C04F79EFBC}") = "IJKPlayer.SJPlayer", "IJKPlayer.SJPlayer.csproj", "{6145A368-CEE9-4EE1-9E75-3AC0948404BE}"
EndProject
Project("{FAE04EC0-301F-11D3-BF4B-00C04F79EFBC}") = "IJKPlayer.SJPlayerSample", "..\IJKPlayer.SJPlayerSample\IJKPlayer.SJPlayerSample.csproj", "{AEC0C034-7070-4E6C-A649-2FCD19BB3052}"
EndProject
Global
	GlobalSection(SolutionConfigurationPlatforms) = preSolution
		Debug|Any CPU = Debug|Any CPU
		Release|Any CPU = Release|Any CPU
	EndGlobalSection
	GlobalSection(ProjectConfigurationPlatforms) = postSolution
		{6145A368-CEE9-4EE1-9E75-3AC0948404BE}.Debug|Any CPU.ActiveCfg = Debug|Any CPU
		{6145A368-CEE9-4EE1-9E75-3AC0948404BE}.Debug|Any CPU.Build.0 = Debug|Any CPU
		{6145A368-CEE9-4EE1-9E75-3AC0948404BE}.Release|Any CPU.ActiveCfg = Release|Any CPU
		{6145A368-CEE9-4EE1-9E75-3AC0948404BE}.Release|Any CPU.Build.0 = Release|Any CPU
		{AEC0C034-7070-4E6C-A649-2FCD19BB3052}.Debug|Any CPU.ActiveCfg = Debug|Any CPU
		{AEC0C034-7070-4E6C-A649-2FCD19BB3052}.Debug|Any CPU.Build.0 = Debug|Any CPU
		{AEC0C034-7070-4E6C-A649-2FCD19BB3052}.Release|Any CPU.ActiveCfg = Release|Any CPU
		{AEC0C034-7070-4E6C-A649-2FCD19BB3052}.Release|Any CPU.Build.0 = Release|Any CPU
	EndGlobalSection
	GlobalSection(SolutionProperties) = preSolution
		HideSolutionNode = FALSE
	EndGlobalSection
	GlobalSection(ExtensibilityGlobals) = postSolution
		SolutionGuid = {505A64EB-F42E-40EF-AE7A-23CE12248E0C}
	EndGlobalSection
EndGlobal
